
Microsoft Visual Studio Solution File, Format Version 12.00
Project("{FAE04EC0-301F-11D3-BF4B-00C04F79EFBC}") = "gymus-server", "gymus-server.csproj", "{20881314-85AF-4733-9917-7500AFFB3F24}"
EndProject
Global
	GlobalSection(SolutionConfigurationPlatforms) = preSolution
		Debug|Any CPU = Debug|Any CPU
		Release|Any CPU = Release|Any CPU
	EndGlobalSection
	GlobalSection(ProjectConfigurationPlatforms) = postSolution
		{20881314-85AF-4733-9917-7500AFFB3F24}.Debug|Any CPU.ActiveCfg = Debug|Any CPU
		{20881314-85AF-4733-9917-7500AFFB3F24}.Debug|Any CPU.Build.0 = Debug|Any CPU
		{20881314-85AF-4733-9917-7500AFFB3F24}.Release|Any CPU.ActiveCfg = Release|Any CPU
		{20881314-85AF-4733-9917-7500AFFB3F24}.Release|Any CPU.Build.0 = Release|Any CPU
	EndGlobalSection
EndGlobal
